
Microsoft Visual Studio Solution File, Format Version 12.00
# Visual Studio 15
VisualStudioVersion = 15.0.26730.16
MinimumVisualStudioVersion = 10.0.40219.1
Project("{FAE04EC0-301F-11D3-BF4B-00C04F79EFBC}") = "WindowsFormsApp3", "WindowsFormsApp3\WindowsFormsApp3.csproj", "{070D34D9-2565-4E1C-B5C4-EFE25853E104}"
EndProject
Global
	GlobalSection(SolutionConfigurationPlatforms) = preSolution
		Debug|Any CPU = Debug|Any CPU
		Release|Any CPU = Release|Any CPU
	EndGlobalSection
	GlobalSection(ProjectConfigurationPlatforms) = postSolution
		{070D34D9-2565-4E1C-B5C4-EFE25853E104}.Debug|Any CPU.ActiveCfg = Debug|Any CPU
		{070D34D9-2565-4E1C-B5C4-EFE25853E104}.Debug|Any CPU.Build.0 = Debug|Any CPU
		{070D34D9-2565-4E1C-B5C4-EFE25853E104}.Release|Any CPU.ActiveCfg = Release|Any CPU
		{070D34D9-2565-4E1C-B5C4-EFE25853E104}.Release|Any CPU.Build.0 = Release|Any CPU
	EndGlobalSection
	GlobalSection(SolutionProperties) = preSolution
		HideSolutionNode = FALSE
	EndGlobalSection
	GlobalSection(ExtensibilityGlobals) = postSolution
		SolutionGuid = {FA995D29-0A43-404F-B209-F927C6C72EA9}
	EndGlobalSection
EndGlobal
